// !$*UTF8*$!
{
	archiveVersion = 1;
	classes = {
	};
	objectVersion = 46;
	objects = {

/* Begin PBXBuildFile section */
		0FBB2E2EDA05AF3CAC04AACD /* Pods_SocialNetwork.framework in Frameworks */ = {isa = PBXBuildFile; fileRef = A177B7F0AAFE25F8131B9297 /* Pods_SocialNetwork.framework */; };
		D86B99451E4226BC00ED7B60 /* FeedVC.swift in Sources */ = {isa = PBXBuildFile; fileRef = D86B99441E4226BC00ED7B60 /* FeedVC.swift */; };
		D86D17F31E40E37700432658 /* AppDelegate.swift in Sources */ = {isa = PBXBuildFile; fileRef = D86D17F21E40E37700432658 /* AppDelegate.swift */; };
		D86D17F51E40E37700432658 /* SignInVC.swift in Sources */ = {isa = PBXBuildFile; fileRef = D86D17F41E40E37700432658 /* SignInVC.swift */; };
		D86D17F81E40E37700432658 /* Main.storyboard in Resources */ = {isa = PBXBuildFile; fileRef = D86D17F61E40E37700432658 /* Main.storyboard */; };
		D86D17FA1E40E37700432658 /* Assets.xcassets in Resources */ = {isa = PBXBuildFile; fileRef = D86D17F91E40E37700432658 /* Assets.xcassets */; };
		D86D17FD1E40E37700432658 /* LaunchScreen.storyboard in Resources */ = {isa = PBXBuildFile; fileRef = D86D17FB1E40E37700432658 /* LaunchScreen.storyboard */; };
		D86D18051E40E3F500432658 /* GoogleService-Info.plist in Resources */ = {isa = PBXBuildFile; fileRef = D86D18041E40E3F500432658 /* GoogleService-Info.plist */; };
		D86D180A1E40F36E00432658 /* Infinite_Stroke.otf in Resources */ = {isa = PBXBuildFile; fileRef = D86D18091E40F36E00432658 /* Infinite_Stroke.otf */; };
		D86D180C1E40FE4500432658 /* FancyView.swift in Sources */ = {isa = PBXBuildFile; fileRef = D86D180B1E40FE4500432658 /* FancyView.swift */; };
		D86D180F1E40FEA200432658 /* Constants.swift in Sources */ = {isa = PBXBuildFile; fileRef = D86D180E1E40FEA200432658 /* Constants.swift */; };
		D86D18111E41007E00432658 /* RoundButton.swift in Sources */ = {isa = PBXBuildFile; fileRef = D86D18101E41007E00432658 /* RoundButton.swift */; };
		D86D18131E4101AB00432658 /* FancyField.swift in Sources */ = {isa = PBXBuildFile; fileRef = D86D18121E4101AB00432658 /* FancyField.swift */; };
		D86D18151E41027600432658 /* FancyButton.swift in Sources */ = {isa = PBXBuildFile; fileRef = D86D18141E41027600432658 /* FancyButton.swift */; };
/* End PBXBuildFile section */

/* Begin PBXFileReference section */
		A177B7F0AAFE25F8131B9297 /* Pods_SocialNetwork.framework */ = {isa = PBXFileReference; explicitFileType = wrapper.framework; includeInIndex = 0; path = Pods_SocialNetwork.framework; sourceTree = BUILT_PRODUCTS_DIR; };
		D3344FD352E49F4B7A55578E /* Pods-SocialNetwork.debug.xcconfig */ = {isa = PBXFileReference; includeInIndex = 1; lastKnownFileType = text.xcconfig; name = "Pods-SocialNetwork.debug.xcconfig"; path = "Pods/Target Support Files/Pods-SocialNetwork/Pods-SocialNetwork.debug.xcconfig"; sourceTree = "<group>"; };
		D811495A1E421A2200CD60B2 /* SocialNetwork.entitlements */ = {isa = PBXFileReference; lastKnownFileType = text.plist.entitlements; path = SocialNetwork.entitlements; sourceTree = "<group>"; };
		D86B99441E4226BC00ED7B60 /* FeedVC.swift */ = {isa = PBXFileReference; fileEncoding = 4; lastKnownFileType = sourcecode.swift; path = FeedVC.swift; sourceTree = "<group>"; };
		D86D17EF1E40E37700432658 /* SocialNetwork.app */ = {isa = PBXFileReference; explicitFileType = wrapper.application; includeInIndex = 0; path = SocialNetwork.app; sourceTree = BUILT_PRODUCTS_DIR; };
		D86D17F21E40E37700432658 /* AppDelegate.swift */ = {isa = PBXFileReference; lastKnownFileType = sourcecode.swift; path = AppDelegate.swift; sourceTree = "<group>"; };
		D86D17F41E40E37700432658 /* SignInVC.swift */ = {isa = PBXFileReference; lastKnownFileType = sourcecode.swift; path = SignInVC.swift; sourceTree = "<group>"; };
		D86D17F71E40E37700432658 /* Base */ = {isa = PBXFileReference; lastKnownFileType = file.storyboard; name = Base; path = Base.lproj/Main.storyboard; sourceTree = "<group>"; };
		D86D17F91E40E37700432658 /* Assets.xcassets */ = {isa = PBXFileReference; lastKnownFileType = folder.assetcatalog; path = Assets.xcassets; sourceTree = "<group>"; };
		D86D17FC1E40E37700432658 /* Base */ = {isa = PBXFileReference; lastKnownFileType = file.storyboard; name = Base; path = Base.lproj/LaunchScreen.storyboard; sourceTree = "<group>"; };
		D86D17FE1E40E37700432658 /* Info.plist */ = {isa = PBXFileReference; lastKnownFileType = text.plist.xml; path = Info.plist; sourceTree = "<group>"; };
		D86D18041E40E3F500432658 /* GoogleService-Info.plist */ = {isa = PBXFileReference; fileEncoding = 4; lastKnownFileType = text.plist.xml; path = "GoogleService-Info.plist"; sourceTree = "<group>"; };
		D86D18091E40F36E00432658 /* Infinite_Stroke.otf */ = {isa = PBXFileReference; lastKnownFileType = file; path = Infinite_Stroke.otf; sourceTree = "<group>"; };
		D86D180B1E40FE4500432658 /* FancyView.swift */ = {isa = PBXFileReference; fileEncoding = 4; lastKnownFileType = sourcecode.swift; path = FancyView.swift; sourceTree = "<group>"; };
		D86D180E1E40FEA200432658 /* Constants.swift */ = {isa = PBXFileReference; fileEncoding = 4; lastKnownFileType = sourcecode.swift; path = Constants.swift; sourceTree = "<group>"; };
		D86D18101E41007E00432658 /* RoundButton.swift */ = {isa = PBXFileReference; fileEncoding = 4; lastKnownFileType = sourcecode.swift; path = RoundButton.swift; sourceTree = "<group>"; };
		D86D18121E4101AB00432658 /* FancyField.swift */ = {isa = PBXFileReference; fileEncoding = 4; lastKnownFileType = sourcecode.swift; path = FancyField.swift; sourceTree = "<group>"; };
		D86D18141E41027600432658 /* FancyButton.swift */ = {isa = PBXFileReference; fileEncoding = 4; lastKnownFileType = sourcecode.swift; path = FancyButton.swift; sourceTree = "<group>"; };
		F5BCBEEADF7F980275AC8E30 /* Pods-SocialNetwork.release.xcconfig */ = {isa = PBXFileReference; includeInIndex = 1; lastKnownFileType = text.xcconfig; name = "Pods-SocialNetwork.release.xcconfig"; path = "Pods/Target Support Files/Pods-SocialNetwork/Pods-SocialNetwork.release.xcconfig"; sourceTree = "<group>"; };
/* End PBXFileReference section */

/* Begin PBXFrameworksBuildPhase section */
		D86D17EC1E40E37600432658 /* Frameworks */ = {
			isa = PBXFrameworksBuildPhase;
			buildActionMask = 2147483647;
			files = (
				0FBB2E2EDA05AF3CAC04AACD /* Pods_SocialNetwork.framework in Frameworks */,
			);
			runOnlyForDeploymentPostprocessing = 0;
		};
/* End PBXFrameworksBuildPhase section */

/* Begin PBXGroup section */
		BB05253EC0703901F1D8C84E /* Pods */ = {
			isa = PBXGroup;
			children = (
				D3344FD352E49F4B7A55578E /* Pods-SocialNetwork.debug.xcconfig */,
				F5BCBEEADF7F980275AC8E30 /* Pods-SocialNetwork.release.xcconfig */,
			);
			name = Pods;
			sourceTree = "<group>";
		};
		D86D17E61E40E37600432658 = {
			isa = PBXGroup;
			children = (
				D86D17F11E40E37700432658 /* SocialNetwork */,
				D86D17F01E40E37700432658 /* Products */,
				BB05253EC0703901F1D8C84E /* Pods */,
				FE7AE78AB9EC5FB381BE3EA1 /* Frameworks */,
			);
			sourceTree = "<group>";
		};
		D86D17F01E40E37700432658 /* Products */ = {
			isa = PBXGroup;
			children = (
				D86D17EF1E40E37700432658 /* SocialNetwork.app */,
			);
			name = Products;
			sourceTree = "<group>";
		};
		D86D17F11E40E37700432658 /* SocialNetwork */ = {
			isa = PBXGroup;
			children = (
				D811495A1E421A2200CD60B2 /* SocialNetwork.entitlements */,
				D86D180D1E40FE9300432658 /* Util */,
				D86D18081E40E56C00432658 /* Model */,
				D86D18071E40E56800432658 /* View */,
				D86D18061E40E56300432658 /* Controller */,
				D86D17F21E40E37700432658 /* AppDelegate.swift */,
				D86D17F61E40E37700432658 /* Main.storyboard */,
				D86D17F91E40E37700432658 /* Assets.xcassets */,
				D86D17FB1E40E37700432658 /* LaunchScreen.storyboard */,
				D86D17FE1E40E37700432658 /* Info.plist */,
				D86D18041E40E3F500432658 /* GoogleService-Info.plist */,
				D86D18091E40F36E00432658 /* Infinite_Stroke.otf */,
			);
			path = SocialNetwork;
			sourceTree = "<group>";
		};
		D86D18061E40E56300432658 /* Controller */ = {
			isa = PBXGroup;
			children = (
				D86D17F41E40E37700432658 /* SignInVC.swift */,
				D86B99441E4226BC00ED7B60 /* FeedVC.swift */,
			);
			name = Controller;
			sourceTree = "<group>";
		};
		D86D18071E40E56800432658 /* View */ = {
			isa = PBXGroup;
			children = (
				D86D180B1E40FE4500432658 /* FancyView.swift */,
				D86D18101E41007E00432658 /* RoundButton.swift */,
				D86D18121E4101AB00432658 /* FancyField.swift */,
				D86D18141E41027600432658 /* FancyButton.swift */,
			);
			name = View;
			sourceTree = "<group>";
		};
		D86D18081E40E56C00432658 /* Model */ = {
			isa = PBXGroup;
			children = (
			);
			name = Model;
			sourceTree = "<group>";
		};
		D86D180D1E40FE9300432658 /* Util */ = {
			isa = PBXGroup;
			children = (
				D86D180E1E40FEA200432658 /* Constants.swift */,
			);
			name = Util;
			sourceTree = "<group>";
		};
		FE7AE78AB9EC5FB381BE3EA1 /* Frameworks */ = {
			isa = PBXGroup;
			children = (
				A177B7F0AAFE25F8131B9297 /* Pods_SocialNetwork.framework */,
			);
			name = Frameworks;
			sourceTree = "<group>";
		};
/* End PBXGroup section */

/* Begin PBXNativeTarget section */
		D86D17EE1E40E37600432658 /* SocialNetwork */ = {
			isa = PBXNativeTarget;
			buildConfigurationList = D86D18011E40E37700432658 /* Build configuration list for PBXNativeTarget "SocialNetwork" */;
			buildPhases = (
				3FF0C8FC8029D633CC3DC99F /* [CP] Check Pods Manifest.lock */,
				D86D17EB1E40E37600432658 /* Sources */,
				D86D17EC1E40E37600432658 /* Frameworks */,
				D86D17ED1E40E37600432658 /* Resources */,
				F35B26BEA69172E845CE5E06 /* [CP] Embed Pods Frameworks */,
				51B622ACDB1644BD1C8EFC81 /* [CP] Copy Pods Resources */,
			);
			buildRules = (
			);
			dependencies = (
			);
			name = SocialNetwork;
			productName = SocialNetwork;
			productReference = D86D17EF1E40E37700432658 /* SocialNetwork.app */;
			productType = "com.apple.product-type.application";
		};
/* End PBXNativeTarget section */

/* Begin PBXProject section */
		D86D17E71E40E37600432658 /* Project object */ = {
			isa = PBXProject;
			attributes = {
				LastSwiftUpdateCheck = 0810;
				LastUpgradeCheck = 0810;
				ORGANIZATIONNAME = "Joseph Kim";
				TargetAttributes = {
					D86D17EE1E40E37600432658 = {
						CreatedOnToolsVersion = 8.1;
						DevelopmentTeam = 6ZKM3W5DDY;
						ProvisioningStyle = Automatic;
						SystemCapabilities = {
							com.apple.Keychain = {
								enabled = 1;
							};
						};
					};
				};
			};
			buildConfigurationList = D86D17EA1E40E37600432658 /* Build configuration list for PBXProject "SocialNetwork" */;
			compatibilityVersion = "Xcode 3.2";
			developmentRegion = English;
			hasScannedForEncodings = 0;
			knownRegions = (
				en,
				Base,
			);
			mainGroup = D86D17E61E40E37600432658;
			productRefGroup = D86D17F01E40E37700432658 /* Products */;
			projectDirPath = "";
			projectRoot = "";
			targets = (
				D86D17EE1E40E37600432658 /* SocialNetwork */,
			);
		};
/* End PBXProject section */

/* Begin PBXResourcesBuildPhase section */
		D86D17ED1E40E37600432658 /* Resources */ = {
			isa = PBXResourcesBuildPhase;
			buildActionMask = 2147483647;
			files = (
				D86D17FD1E40E37700432658 /* LaunchScreen.storyboard in Resources */,
				D86D18051E40E3F500432658 /* GoogleService-Info.plist in Resources */,
				D86D180A1E40F36E00432658 /* Infinite_Stroke.otf in Resources */,
				D86D17FA1E40E37700432658 /* Assets.xcassets in Resources */,
				D86D17F81E40E37700432658 /* Main.storyboard in Resources */,
			);
			runOnlyForDeploymentPostprocessing = 0;
		};
/* End PBXResourcesBuildPhase section */

/* Begin PBXShellScriptBuildPhase section */
		3FF0C8FC8029D633CC3DC99F /* [CP] Check Pods Manifest.lock */ = {
			isa = PBXShellScriptBuildPhase;
			buildActionMask = 2147483647;
			files = (
			);
			inputPaths = (
			);
			name = "[CP] Check Pods Manifest.lock";
			outputPaths = (
			);
			runOnlyForDeploymentPostprocessing = 0;
			shellPath = /bin/sh;
			shellScript = "diff \"${PODS_ROOT}/../Podfile.lock\" \"${PODS_ROOT}/Manifest.lock\" > /dev/null\nif [ $? != 0 ] ; then\n    # print error to STDERR\n    echo \"error: The sandbox is not in sync with the Podfile.lock. Run 'pod install' or update your CocoaPods installation.\" >&2\n    exit 1\nfi\n";
			showEnvVarsInLog = 0;
		};
		51B622ACDB1644BD1C8EFC81 /* [CP] Copy Pods Resources */ = {
			isa = PBXShellScriptBuildPhase;
			buildActionMask = 2147483647;
			files = (
			);
			inputPaths = (
			);
			name = "[CP] Copy Pods Resources";
			outputPaths = (
			);
			runOnlyForDeploymentPostprocessing = 0;
			shellPath = /bin/sh;
			shellScript = "\"${SRCROOT}/Pods/Target Support Files/Pods-SocialNetwork/Pods-SocialNetwork-resources.sh\"\n";
			showEnvVarsInLog = 0;
		};
		F35B26BEA69172E845CE5E06 /* [CP] Embed Pods Frameworks */ = {
			isa = PBXShellScriptBuildPhase;
			buildActionMask = 2147483647;
			files = (
			);
			inputPaths = (
			);
			name = "[CP] Embed Pods Frameworks";
			outputPaths = (
			);
			runOnlyForDeploymentPostprocessing = 0;
			shellPath = /bin/sh;
			shellScript = "\"${SRCROOT}/Pods/Target Support Files/Pods-SocialNetwork/Pods-SocialNetwork-frameworks.sh\"\n";
			showEnvVarsInLog = 0;
		};
/* End PBXShellScriptBuildPhase section */

/* Begin PBXSourcesBuildPhase section */
		D86D17EB1E40E37600432658 /* Sources */ = {
			isa = PBXSourcesBuildPhase;
			buildActionMask = 2147483647;
			files = (
				D86D18131E4101AB00432658 /* FancyField.swift in Sources */,
				D86D17F51E40E37700432658 /* SignInVC.swift in Sources */,
				D86D18111E41007E00432658 /* RoundButton.swift in Sources */,
				D86D18151E41027600432658 /* FancyButton.swift in Sources */,
				D86B99451E4226BC00ED7B60 /* FeedVC.swift in Sources */,
				D86D17F31E40E37700432658 /* AppDelegate.swift in Sources */,
				D86D180C1E40FE4500432658 /* FancyView.swift in Sources */,
				D86D180F1E40FEA200432658 /* Constants.swift in Sources */,
			);
			runOnlyForDeploymentPostprocessing = 0;
		};
/* End PBXSourcesBuildPhase section */

/* Begin PBXVariantGroup section */
		D86D17F61E40E37700432658 /* Main.storyboard */ = {
			isa = PBXVariantGroup;
			children = (
				D86D17F71E40E37700432658 /* Base */,
			);
			name = Main.storyboard;
			sourceTree = "<group>";
		};
		D86D17FB1E40E37700432658 /* LaunchScreen.storyboard */ = {
			isa = PBXVariantGroup;
			children = (
				D86D17FC1E40E37700432658 /* Base */,
			);
			name = LaunchScreen.storyboard;
			sourceTree = "<group>";
		};
/* End PBXVariantGroup section */

/* Begin XCBuildConfiguration section */
		D86D17FF1E40E37700432658 /* Debug */ = {
			isa = XCBuildConfiguration;
			buildSettings = {
				ALWAYS_SEARCH_USER_PATHS = NO;
				CLANG_ANALYZER_NONNULL = YES;
				CLANG_CXX_LANGUAGE_STANDARD = "gnu++0x";
				CLANG_CXX_LIBRARY = "libc++";
				CLANG_ENABLE_MODULES = YES;
				CLANG_ENABLE_OBJC_ARC = YES;
				CLANG_WARN_BOOL_CONVERSION = YES;
				CLANG_WARN_CONSTANT_CONVERSION = YES;
				CLANG_WARN_DIRECT_OBJC_ISA_USAGE = YES_ERROR;
				CLANG_WARN_DOCUMENTATION_COMMENTS = YES;
				CLANG_WARN_EMPTY_BODY = YES;
				CLANG_WARN_ENUM_CONVERSION = YES;
				CLANG_WARN_INFINITE_RECURSION = YES;
				CLANG_WARN_INT_CONVERSION = YES;
				CLANG_WARN_OBJC_ROOT_CLASS = YES_ERROR;
				CLANG_WARN_SUSPICIOUS_MOVE = YES;
				CLANG_WARN_SUSPICIOUS_MOVES = YES;
				CLANG_WARN_UNREACHABLE_CODE = YES;
				CLANG_WARN__DUPLICATE_METHOD_MATCH = YES;
				"CODE_SIGN_IDENTITY[sdk=iphoneos*]" = "iPhone Developer";
				COPY_PHASE_STRIP = NO;
				DEBUG_INFORMATION_FORMAT = dwarf;
				ENABLE_STRICT_OBJC_MSGSEND = YES;
				ENABLE_TESTABILITY = YES;
				GCC_C_LANGUAGE_STANDARD = gnu99;
				GCC_DYNAMIC_NO_PIC = NO;
				GCC_NO_COMMON_BLOCKS = YES;
				GCC_OPTIMIZATION_LEVEL = 0;
				GCC_PREPROCESSOR_DEFINITIONS = (
					"DEBUG=1",
					"$(inherited)",
				);
				GCC_WARN_64_TO_32_BIT_CONVERSION = YES;
				GCC_WARN_ABOUT_RETURN_TYPE = YES_ERROR;
				GCC_WARN_UNDECLARED_SELECTOR = YES;
				GCC_WARN_UNINITIALIZED_AUTOS = YES_AGGRESSIVE;
				GCC_WARN_UNUSED_FUNCTION = YES;
				GCC_WARN_UNUSED_VARIABLE = YES;
				IPHONEOS_DEPLOYMENT_TARGET = 10.1;
				MTL_ENABLE_DEBUG_INFO = YES;
				ONLY_ACTIVE_ARCH = YES;
				SDKROOT = iphoneos;
				SWIFT_ACTIVE_COMPILATION_CONDITIONS = DEBUG;
				SWIFT_OPTIMIZATION_LEVEL = "-Onone";
				TARGETED_DEVICE_FAMILY = "1,2";
			};
			name = Debug;
		};
		D86D18001E40E37700432658 /* Release */ = {
			isa = XCBuildConfiguration;
			buildSettings = {
				ALWAYS_SEARCH_USER_PATHS = NO;
				CLANG_ANALYZER_NONNULL = YES;
				CLANG_CXX_LANGUAGE_STANDARD = "gnu++0x";
				CLANG_CXX_LIBRARY = "libc++";
				CLANG_ENABLE_MODULES = YES;
				CLANG_ENABLE_OBJC_ARC = YES;
				CLANG_WARN_BOOL_CONVERSION = YES;
				CLANG_WARN_CONSTANT_CONVERSION = YES;
				CLANG_WARN_DIRECT_OBJC_ISA_USAGE = YES_ERROR;
				CLANG_WARN_DOCUMENTATION_COMMENTS = YES;
				CLANG_WARN_EMPTY_BODY = YES;
				CLANG_WARN_ENUM_CONVERSION = YES;
				CLANG_WARN_INFINITE_RECURSION = YES;
				CLANG_WARN_INT_CONVERSION = YES;
				CLANG_WARN_OBJC_ROOT_CLASS = YES_ERROR;
				CLANG_WARN_SUSPICIOUS_MOVE = YES;
				CLANG_WARN_SUSPICIOUS_MOVES = YES;
				CLANG_WARN_UNREACHABLE_CODE = YES;
				CLANG_WARN__DUPLICATE_METHOD_MATCH = YES;
				"CODE_SIGN_IDENTITY[sdk=iphoneos*]" = "iPhone Developer";
				COPY_PHASE_STRIP = NO;
				DEBUG_INFORMATION_FORMAT = "dwarf-with-dsym";
				ENABLE_NS_ASSERTIONS = NO;
				ENABLE_STRICT_OBJC_MSGSEND = YES;
				GCC_C_LANGUAGE_STANDARD = gnu99;
				GCC_NO_COMMON_BLOCKS = YES;
				GCC_WARN_64_TO_32_BIT_CONVERSION = YES;
				GCC_WARN_ABOUT_RETURN_TYPE = YES_ERROR;
				GCC_WARN_UNDECLARED_SELECTOR = YES;
				GCC_WARN_UNINITIALIZED_AUTOS = YES_AGGRESSIVE;
				GCC_WARN_UNUSED_FUNCTION = YES;
				GCC_WARN_UNUSED_VARIABLE = YES;
				IPHONEOS_DEPLOYMENT_TARGET = 10.1;
				MTL_ENABLE_DEBUG_INFO = NO;
				SDKROOT = iphoneos;
				SWIFT_OPTIMIZATION_LEVEL = "-Owholemodule";
				TARGETED_DEVICE_FAMILY = "1,2";
				VALIDATE_PRODUCT = YES;
			};
			name = Release;
		};
		D86D18021E40E37700432658 /* Debug */ = {
			isa = XCBuildConfiguration;
			baseConfigurationReference = D3344FD352E49F4B7A55578E /* Pods-SocialNetwork.debug.xcconfig */;
			buildSettings = {
				ASSETCATALOG_COMPILER_APPICON_NAME = AppIcon;
				CODE_SIGN_ENTITLEMENTS = SocialNetwork/SocialNetwork.entitlements;
				DEVELOPMENT_TEAM = 6ZKM3W5DDY;
				INFOPLIST_FILE = SocialNetwork/Info.plist;
				LD_RUNPATH_SEARCH_PATHS = "$(inherited) @executable_path/Frameworks";
				PRODUCT_BUNDLE_IDENTIFIER = com.codejk.SocialNetwork;
				PRODUCT_NAME = "$(TARGET_NAME)";
				SWIFT_VERSION = 3.0;
			};
			name = Debug;
		};
		D86D18031E40E37700432658 /* Release */ = {
			isa = XCBuildConfiguration;
			baseConfigurationReference = F5BCBEEADF7F980275AC8E30 /* Pods-SocialNetwork.release.xcconfig */;
			buildSettings = {
				ASSETCATALOG_COMPILER_APPICON_NAME = AppIcon;
				CODE_SIGN_ENTITLEMENTS = SocialNetwork/SocialNetwork.entitlements;
				DEVELOPMENT_TEAM = 6ZKM3W5DDY;
				INFOPLIST_FILE = SocialNetwork/Info.plist;
				LD_RUNPATH_SEARCH_PATHS = "$(inherited) @executable_path/Frameworks";
				PRODUCT_BUNDLE_IDENTIFIER = com.codejk.SocialNetwork;
				PRODUCT_NAME = "$(TARGET_NAME)";
				SWIFT_VERSION = 3.0;
			};
			name = Release;
		};
/* End XCBuildConfiguration section */

/* Begin XCConfigurationList section */
		D86D17EA1E40E37600432658 /* Build configuration list for PBXProject "SocialNetwork" */ = {
			isa = XCConfigurationList;
			buildConfigurations = (
				D86D17FF1E40E37700432658 /* Debug */,
				D86D18001E40E37700432658 /* Release */,
			);
			defaultConfigurationIsVisible = 0;
			defaultConfigurationName = Release;
		};
		D86D18011E40E37700432658 /* Build configuration list for PBXNativeTarget "SocialNetwork" */ = {
			isa = XCConfigurationList;
			buildConfigurations = (
				D86D18021E40E37700432658 /* Debug */,
				D86D18031E40E37700432658 /* Release */,
			);
			defaultConfigurationIsVisible = 0;
			defaultConfigurationName = Release;
		};
/* End XCConfigurationList section */
	};
	rootObject = D86D17E71E40E37600432658 /* Project object */;
}
